
Microsoft Visual Studio Solution File, Format Version 12.00
# Visual Studio 2015
Project("{FAE04EC0-301F-11D3-BF4B-00C04F79EFBC}") = "Demo_AirportSurvey", "Demo_AirportSurvey.csproj", "{6F1F0970-956B-51CA-E858-73C72A9E0299}"
EndProject
Project("{FAE04EC0-301F-11D3-BF4B-00C04F79EFBC}") = "Demo_AirportSurvey.Editor", "Demo_AirportSurvey.Editor.csproj", "{283DDB44-3346-636F-3E8B-B942E38C5481}"
EndProject
Global
	GlobalSection(SolutionConfigurationPlatforms) = preSolution
		Debug|Any CPU = Debug|Any CPU
		Release|Any CPU = Release|Any CPU
	EndGlobalSection
	GlobalSection(ProjectConfigurationPlatforms) = postSolution
		{6F1F0970-956B-51CA-E858-73C72A9E0299}.Debug|Any CPU.ActiveCfg = Debug|Any CPU
		{6F1F0970-956B-51CA-E858-73C72A9E0299}.Debug|Any CPU.Build.0 = Debug|Any CPU
		{6F1F0970-956B-51CA-E858-73C72A9E0299}.Release|Any CPU.ActiveCfg = Release|Any CPU
		{6F1F0970-956B-51CA-E858-73C72A9E0299}.Release|Any CPU.Build.0 = Release|Any CPU
		{283DDB44-3346-636F-3E8B-B942E38C5481}.Debug|Any CPU.ActiveCfg = Debug|Any CPU
		{283DDB44-3346-636F-3E8B-B942E38C5481}.Debug|Any CPU.Build.0 = Debug|Any CPU
		{283DDB44-3346-636F-3E8B-B942E38C5481}.Release|Any CPU.ActiveCfg = Release|Any CPU
		{283DDB44-3346-636F-3E8B-B942E38C5481}.Release|Any CPU.Build.0 = Release|Any CPU
	EndGlobalSection
	GlobalSection(SolutionProperties) = preSolution
		HideSolutionNode = FALSE
	EndGlobalSection
EndGlobal
